// !$*UTF8*$!
{
	archiveVersion = 1;
	classes = {
	};
	objectVersion = 46;
	objects = {

/* Begin PBXBuildFile section */
		282622741D941C8D00A2E545 /* Assets.xcassets in Resources */ = {isa = PBXBuildFile; fileRef = 282622731D941C8D00A2E545 /* Assets.xcassets */; };
		2826227C1D941FFF00A2E545 /* ZSTableViewCell.m in Sources */ = {isa = PBXBuildFile; fileRef = 2826227A1D941FFF00A2E545 /* ZSTableViewCell.m */; };
		2826227D1D941FFF00A2E545 /* ZSTableViewCell.xib in Resources */ = {isa = PBXBuildFile; fileRef = 2826227B1D941FFF00A2E545 /* ZSTableViewCell.xib */; };
		2837250C1D9271C0005AFA7B /* subViewController.m in Sources */ = {isa = PBXBuildFile; fileRef = 2837250A1D9271BF005AFA7B /* subViewController.m */; };
		2837250D1D9271C0005AFA7B /* subViewController.xib in Resources */ = {isa = PBXBuildFile; fileRef = 2837250B1D9271BF005AFA7B /* subViewController.xib */; };
		283743EF1D93C6B500C2C343 /* 1872 in Resources */ = {isa = PBXBuildFile; fileRef = 283743D81D93C6B500C2C343 /* 1872 */; };
		283743F01D93C6B500C2C343 /* 1898 in Resources */ = {isa = PBXBuildFile; fileRef = 283743D91D93C6B500C2C343 /* 1898 */; };
		283743F11D93C6B500C2C343 /* 底妆 in Resources */ = {isa = PBXBuildFile; fileRef = 283743DA1D93C6B500C2C343 /* 底妆 */; };
		283743F21D93C6B500C2C343 /* 广场 in Resources */ = {isa = PBXBuildFile; fileRef = 283743DB1D93C6B500C2C343 /* 广场 */; };
		283743F31D93C6B500C2C343 /* 深夜图书馆 in Resources */ = {isa = PBXBuildFile; fileRef = 283743DC1D93C6B500C2C343 /* 深夜图书馆 */; };
		283743F41D93C6B500C2C343 /* 搜索列表 in Resources */ = {isa = PBXBuildFile; fileRef = 283743DD1D93C6B500C2C343 /* 搜索列表 */; };
		283743F51D93C6B500C2C343 /* 搜索清单 in Resources */ = {isa = PBXBuildFile; fileRef = 283743DE1D93C6B500C2C343 /* 搜索清单 */; };
		283743F61D93C6B500C2C343 /* 用户推荐 in Resources */ = {isa = PBXBuildFile; fileRef = 283743DF1D93C6B500C2C343 /* 用户推荐 */; };
		283743F71D93C6B500C2C343 /* 种草小分队 in Resources */ = {isa = PBXBuildFile; fileRef = 283743E01D93C6B500C2C343 /* 种草小分队 */; };
		283743F81D93C6B500C2C343 /* app_JSON in Resources */ = {isa = PBXBuildFile; fileRef = 283743E11D93C6B500C2C343 /* app_JSON */; };
		283743F91D93C6B500C2C343 /* json_Art in Resources */ = {isa = PBXBuildFile; fileRef = 283743E21D93C6B500C2C343 /* json_Art */; };
		283743FA1D93C6B500C2C343 /* json_Design in Resources */ = {isa = PBXBuildFile; fileRef = 283743E31D93C6B500C2C343 /* json_Design */; };
		283743FB1D93C6B500C2C343 /* json_Dormitory in Resources */ = {isa = PBXBuildFile; fileRef = 283743E41D93C6B500C2C343 /* json_Dormitory */; };
		283743FC1D93C6B500C2C343 /* json_Eater in Resources */ = {isa = PBXBuildFile; fileRef = 283743E51D93C6B500C2C343 /* json_Eater */; };
		283743FD1D93C6B500C2C343 /* json_Gift in Resources */ = {isa = PBXBuildFile; fileRef = 283743E61D93C6B500C2C343 /* json_Gift */; };
		283743FE1D93C6B500C2C343 /* json_Guide in Resources */ = {isa = PBXBuildFile; fileRef = 283743E71D93C6B500C2C343 /* json_Guide */; };
		283743FF1D93C6B500C2C343 /* json_Holiday in Resources */ = {isa = PBXBuildFile; fileRef = 283743E81D93C6B500C2C343 /* json_Holiday */; };
		283744001D93C6B500C2C343 /* json_Kitchen in Resources */ = {isa = PBXBuildFile; fileRef = 283743E91D93C6B500C2C343 /* json_Kitchen */; };
		283744011D93C6B500C2C343 /* json_LoveBeauty in Resources */ = {isa = PBXBuildFile; fileRef = 283743EA1D93C6B500C2C343 /* json_LoveBeauty */; };
		283744021D93C6B500C2C343 /* json_Party in Resources */ = {isa = PBXBuildFile; fileRef = 283743EB1D93C6B500C2C343 /* json_Party */; };
		283744031D93C6B500C2C343 /* json_Student in Resources */ = {isa = PBXBuildFile; fileRef = 283743EC1D93C6B500C2C343 /* json_Student */; };
		283744041D93C6B500C2C343 /* json_WageEarners in Resources */ = {isa = PBXBuildFile; fileRef = 283743ED1D93C6B500C2C343 /* json_WageEarners */; };
		283744051D93C6B500C2C343 /* stylenand 打底霜 in Resources */ = {isa = PBXBuildFile; fileRef = 283743EE1D93C6B500C2C343 /* stylenand 打底霜 */; };
		283744091D93C79200C2C343 /* Tool.m in Sources */ = {isa = PBXBuildFile; fileRef = 283744081D93C79200C2C343 /* Tool.m */; };
		2837440C1D93CAE900C2C343 /* ZSBanner.m in Sources */ = {isa = PBXBuildFile; fileRef = 2837440B1D93CAE900C2C343 /* ZSBanner.m */; };
		2837440F1D93CD5000C2C343 /* ZSCategory.m in Sources */ = {isa = PBXBuildFile; fileRef = 2837440E1D93CD5000C2C343 /* ZSCategory.m */; };
		283744121D93CDE200C2C343 /* ZSTopic.m in Sources */ = {isa = PBXBuildFile; fileRef = 283744111D93CDE200C2C343 /* ZSTopic.m */; };
		284E20331D920F390028FABE /* main.m in Sources */ = {isa = PBXBuildFile; fileRef = 284E20321D920F390028FABE /* main.m */; };
		284E20361D920F390028FABE /* AppDelegate.m in Sources */ = {isa = PBXBuildFile; fileRef = 284E20351D920F390028FABE /* AppDelegate.m */; };
		284E20391D920F390028FABE /* ViewController.m in Sources */ = {isa = PBXBuildFile; fileRef = 284E20381D920F390028FABE /* ViewController.m */; };
		284E203C1D920F390028FABE /* Main.storyboard in Resources */ = {isa = PBXBuildFile; fileRef = 284E203A1D920F390028FABE /* Main.storyboard */; };
		284E20411D920F390028FABE /* LaunchScreen.storyboard in Resources */ = {isa = PBXBuildFile; fileRef = 284E203F1D920F390028FABE /* LaunchScreen.storyboard */; };
		284E204C1D920F390028FABE /* _____Tests.m in Sources */ = {isa = PBXBuildFile; fileRef = 284E204B1D920F390028FABE /* _____Tests.m */; };
		284E20571D920F390028FABE /* _____UITests.m in Sources */ = {isa = PBXBuildFile; fileRef = 284E20561D920F390028FABE /* _____UITests.m */; };
		86C61937175AB2582CFEECD0 /* libPods-好用的首页.a in Frameworks */ = {isa = PBXBuildFile; fileRef = 2AE4F294EBD5761B3AC2D944 /* libPods-好用的首页.a */; };
		DE8AD6572ADD29A04671E05E /* libPods-好用的首页UITests.a in Frameworks */ = {isa = PBXBuildFile; fileRef = 505DE452F433912C4C6AD710 /* libPods-好用的首页UITests.a */; };
		F83949DC1BCCCD6FB2F02A1E /* libPods-好用的首页Tests.a in Frameworks */ = {isa = PBXBuildFile; fileRef = 7DF4254303AB5F8A7777EB7B /* libPods-好用的首页Tests.a */; };
/* End PBXBuildFile section */

/* Begin PBXContainerItemProxy section */
		284E20481D920F390028FABE /* PBXContainerItemProxy */ = {
			isa = PBXContainerItemProxy;
			containerPortal = 284E20261D920F390028FABE /* Project object */;
			proxyType = 1;
			remoteGlobalIDString = 284E202D1D920F390028FABE;
			remoteInfo = "好用的首页";
		};
		284E20531D920F390028FABE /* PBXContainerItemProxy */ = {
			isa = PBXContainerItemProxy;
			containerPortal = 284E20261D920F390028FABE /* Project object */;
			proxyType = 1;
			remoteGlobalIDString = 284E202D1D920F390028FABE;
			remoteInfo = "好用的首页";
		};
/* End PBXContainerItemProxy section */

/* Begin PBXFileReference section */
		0D68F5F8B6E243068782790D /* Pods-好用的首页UITests.debug.xcconfig */ = {isa = PBXFileReference; includeInIndex = 1; lastKnownFileType = text.xcconfig; name = "Pods-好用的首页UITests.debug.xcconfig"; path = "Pods/Target Support Files/Pods-好用的首页UITests/Pods-好用的首页UITests.debug.xcconfig"; sourceTree = "<group>"; };
		282622731D941C8D00A2E545 /* Assets.xcassets */ = {isa = PBXFileReference; lastKnownFileType = folder.assetcatalog; path = Assets.xcassets; sourceTree = "<group>"; };
		282622791D941FFF00A2E545 /* ZSTableViewCell.h */ = {isa = PBXFileReference; fileEncoding = 4; lastKnownFileType = sourcecode.c.h; path = ZSTableViewCell.h; sourceTree = "<group>"; };
		2826227A1D941FFF00A2E545 /* ZSTableViewCell.m */ = {isa = PBXFileReference; fileEncoding = 4; lastKnownFileType = sourcecode.c.objc; path = ZSTableViewCell.m; sourceTree = "<group>"; };
		2826227B1D941FFF00A2E545 /* ZSTableViewCell.xib */ = {isa = PBXFileReference; fileEncoding = 4; lastKnownFileType = file.xib; path = ZSTableViewCell.xib; sourceTree = "<group>"; };
		283725031D92139A005AFA7B /* PrefixHeader.pch */ = {isa = PBXFileReference; lastKnownFileType = sourcecode.c.h; path = PrefixHeader.pch; sourceTree = "<group>"; };
		283725091D9271BF005AFA7B /* subViewController.h */ = {isa = PBXFileReference; fileEncoding = 4; lastKnownFileType = sourcecode.c.h; path = subViewController.h; sourceTree = "<group>"; };
		2837250A1D9271BF005AFA7B /* subViewController.m */ = {isa = PBXFileReference; fileEncoding = 4; lastKnownFileType = sourcecode.c.objc; path = subViewController.m; sourceTree = "<group>"; };
		2837250B1D9271BF005AFA7B /* subViewController.xib */ = {isa = PBXFileReference; fileEncoding = 4; lastKnownFileType = file.xib; path = subViewController.xib; sourceTree = "<group>"; };
		283743D81D93C6B500C2C343 /* 1872 */ = {isa = PBXFileReference; fileEncoding = 4; lastKnownFileType = text; path = 1872; sourceTree = "<group>"; };
		283743D91D93C6B500C2C343 /* 1898 */ = {isa = PBXFileReference; fileEncoding = 4; lastKnownFileType = text; path = 1898; sourceTree = "<group>"; };
		283743DA1D93C6B500C2C343 /* 底妆 */ = {isa = PBXFileReference; fileEncoding = 4; lastKnownFileType = text; path = "底妆"; sourceTree = "<group>"; };
		283743DB1D93C6B500C2C343 /* 广场 */ = {isa = PBXFileReference; fileEncoding = 4; lastKnownFileType = text; path = "广场"; sourceTree = "<group>"; };
		283743DC1D93C6B500C2C343 /* 深夜图书馆 */ = {isa = PBXFileReference; fileEncoding = 4; lastKnownFileType = text; path = "深夜图书馆"; sourceTree = "<group>"; };
		283743DD1D93C6B500C2C343 /* 搜索列表 */ = {isa = PBXFileReference; fileEncoding = 4; lastKnownFileType = text; path = "搜索列表"; sourceTree = "<group>"; };
		283743DE1D93C6B500C2C343 /* 搜索清单 */ = {isa = PBXFileReference; fileEncoding = 4; lastKnownFileType = text; path = "搜索清单"; sourceTree = "<group>"; };
		283743DF1D93C6B500C2C343 /* 用户推荐 */ = {isa = PBXFileReference; fileEncoding = 4; lastKnownFileType = text; path = "用户推荐"; sourceTree = "<group>"; };
		283743E01D93C6B500C2C343 /* 种草小分队 */ = {isa = PBXFileReference; fileEncoding = 4; lastKnownFileType = text; path = "种草小分队"; sourceTree = "<group>"; };
		283743E11D93C6B500C2C343 /* app_JSON */ = {isa = PBXFileReference; fileEncoding = 4; lastKnownFileType = text; path = app_JSON; sourceTree = "<group>"; };
		283743E21D93C6B500C2C343 /* json_Art */ = {isa = PBXFileReference; fileEncoding = 4; lastKnownFileType = text; path = json_Art; sourceTree = "<group>"; };
		283743E31D93C6B500C2C343 /* json_Design */ = {isa = PBXFileReference; fileEncoding = 4; lastKnownFileType = text; path = json_Design; sourceTree = "<group>"; };
		283743E41D93C6B500C2C343 /* json_Dormitory */ = {isa = PBXFileReference; fileEncoding = 4; lastKnownFileType = text; path = json_Dormitory; sourceTree = "<group>"; };
		283743E51D93C6B500C2C343 /* json_Eater */ = {isa = PBXFileReference; fileEncoding = 4; lastKnownFileType = text; path = json_Eater; sourceTree = "<group>"; };
		283743E61D93C6B500C2C343 /* json_Gift */ = {isa = PBXFileReference; fileEncoding = 4; lastKnownFileType = text; path = json_Gift; sourceTree = "<group>"; };
		283743E71D93C6B500C2C343 /* json_Guide */ = {isa = PBXFileReference; fileEncoding = 4; lastKnownFileType = text; path = json_Guide; sourceTree = "<group>"; };
		283743E81D93C6B500C2C343 /* json_Holiday */ = {isa = PBXFileReference; fileEncoding = 4; lastKnownFileType = text; path = json_Holiday; sourceTree = "<group>"; };
		283743E91D93C6B500C2C343 /* json_Kitchen */ = {isa = PBXFileReference; fileEncoding = 4; lastKnownFileType = text; path = json_Kitchen; sourceTree = "<group>"; };
		283743EA1D93C6B500C2C343 /* json_LoveBeauty */ = {isa = PBXFileReference; fileEncoding = 4; lastKnownFileType = text; path = json_LoveBeauty; sourceTree = "<group>"; };
		283743EB1D93C6B500C2C343 /* json_Party */ = {isa = PBXFileReference; fileEncoding = 4; lastKnownFileType = text; path = json_Party; sourceTree = "<group>"; };
		283743EC1D93C6B500C2C343 /* json_Student */ = {isa = PBXFileReference; fileEncoding = 4; lastKnownFileType = text; path = json_Student; sourceTree = "<group>"; };
		283743ED1D93C6B500C2C343 /* json_WageEarners */ = {isa = PBXFileReference; fileEncoding = 4; lastKnownFileType = text; path = json_WageEarners; sourceTree = "<group>"; };
		283743EE1D93C6B500C2C343 /* stylenand 打底霜 */ = {isa = PBXFileReference; fileEncoding = 4; lastKnownFileType = text; path = "stylenand 打底霜"; sourceTree = "<group>"; };
		283744071D93C79200C2C343 /* Tool.h */ = {isa = PBXFileReference; fileEncoding = 4; lastKnownFileType = sourcecode.c.h; path = Tool.h; sourceTree = "<group>"; };
		283744081D93C79200C2C343 /* Tool.m */ = {isa = PBXFileReference; fileEncoding = 4; lastKnownFileType = sourcecode.c.objc; path = Tool.m; sourceTree = "<group>"; };
		2837440A1D93CAE900C2C343 /* ZSBanner.h */ = {isa = PBXFileReference; fileEncoding = 4; lastKnownFileType = sourcecode.c.h; path = ZSBanner.h; sourceTree = "<group>"; };
		2837440B1D93CAE900C2C343 /* ZSBanner.m */ = {isa = PBXFileReference; fileEncoding = 4; lastKnownFileType = sourcecode.c.objc; path = ZSBanner.m; sourceTree = "<group>"; };
		2837440D1D93CD5000C2C343 /* ZSCategory.h */ = {isa = PBXFileReference; fileEncoding = 4; lastKnownFileType = sourcecode.c.h; path = ZSCategory.h; sourceTree = "<group>"; };
		2837440E1D93CD5000C2C343 /* ZSCategory.m */ = {isa = PBXFileReference; fileEncoding = 4; lastKnownFileType = sourcecode.c.objc; path = ZSCategory.m; sourceTree = "<group>"; };
		283744101D93CDE200C2C343 /* ZSTopic.h */ = {isa = PBXFileReference; fileEncoding = 4; lastKnownFileType = sourcecode.c.h; path = ZSTopic.h; sourceTree = "<group>"; };
		283744111D93CDE200C2C343 /* ZSTopic.m */ = {isa = PBXFileReference; fileEncoding = 4; lastKnownFileType = sourcecode.c.objc; path = ZSTopic.m; sourceTree = "<group>"; };
		284E202E1D920F390028FABE /* 好用的首页.app */ = {isa = PBXFileReference; explicitFileType = wrapper.application; includeInIndex = 0; path = "好用的首页.app"; sourceTree = BUILT_PRODUCTS_DIR; };
		284E20321D920F390028FABE /* main.m */ = {isa = PBXFileReference; lastKnownFileType = sourcecode.c.objc; path = main.m; sourceTree = "<group>"; };
		284E20341D920F390028FABE /* AppDelegate.h */ = {isa = PBXFileReference; lastKnownFileType = sourcecode.c.h; path = AppDelegate.h; sourceTree = "<group>"; };
		284E20351D920F390028FABE /* AppDelegate.m */ = {isa = PBXFileReference; lastKnownFileType = sourcecode.c.objc; path = AppDelegate.m; sourceTree = "<group>"; };
		284E20371D920F390028FABE /* ViewController.h */ = {isa = PBXFileReference; lastKnownFileType = sourcecode.c.h; path = ViewController.h; sourceTree = "<group>"; };
		284E20381D920F390028FABE /* ViewController.m */ = {isa = PBXFileReference; lastKnownFileType = sourcecode.c.objc; path = ViewController.m; sourceTree = "<group>"; };
		284E203B1D920F390028FABE /* Base */ = {isa = PBXFileReference; lastKnownFileType = file.storyboard; name = Base; path = Base.lproj/Main.storyboard; sourceTree = "<group>"; };
		284E20401D920F390028FABE /* Base */ = {isa = PBXFileReference; lastKnownFileType = file.storyboard; name = Base; path = Base.lproj/LaunchScreen.storyboard; sourceTree = "<group>"; };
		284E20421D920F390028FABE /* Info.plist */ = {isa = PBXFileReference; lastKnownFileType = text.plist.xml; path = Info.plist; sourceTree = "<group>"; };
		284E20471D920F390028FABE /* 好用的首页Tests.xctest */ = {isa = PBXFileReference; explicitFileType = wrapper.cfbundle; includeInIndex = 0; path = "好用的首页Tests.xctest"; sourceTree = BUILT_PRODUCTS_DIR; };
		284E204B1D920F390028FABE /* _____Tests.m */ = {isa = PBXFileReference; lastKnownFileType = sourcecode.c.objc; path = "_____Tests.m"; sourceTree = "<group>"; };
		284E204D1D920F390028FABE /* Info.plist */ = {isa = PBXFileReference; lastKnownFileType = text.plist.xml; path = Info.plist; sourceTree = "<group>"; };
		284E20521D920F390028FABE /* 好用的首页UITests.xctest */ = {isa = PBXFileReference; explicitFileType = wrapper.cfbundle; includeInIndex = 0; path = "好用的首页UITests.xctest"; sourceTree = BUILT_PRODUCTS_DIR; };
		284E20561D920F390028FABE /* _____UITests.m */ = {isa = PBXFileReference; lastKnownFileType = sourcecode.c.objc; path = "_____UITests.m"; sourceTree = "<group>"; };
		284E20581D920F390028FABE /* Info.plist */ = {isa = PBXFileReference; lastKnownFileType = text.plist.xml; path = Info.plist; sourceTree = "<group>"; };
		2AE4F294EBD5761B3AC2D944 /* libPods-好用的首页.a */ = {isa = PBXFileReference; explicitFileType = archive.ar; includeInIndex = 0; path = "libPods-好用的首页.a"; sourceTree = BUILT_PRODUCTS_DIR; };
		505DE452F433912C4C6AD710 /* libPods-好用的首页UITests.a */ = {isa = PBXFileReference; explicitFileType = archive.ar; includeInIndex = 0; path = "libPods-好用的首页UITests.a"; sourceTree = BUILT_PRODUCTS_DIR; };
		5833F081DF9A89BE802131AB /* Pods-好用的首页.release.xcconfig */ = {isa = PBXFileReference; includeInIndex = 1; lastKnownFileType = text.xcconfig; name = "Pods-好用的首页.release.xcconfig"; path = "Pods/Target Support Files/Pods-好用的首页/Pods-好用的首页.release.xcconfig"; sourceTree = "<group>"; };
		7DF4254303AB5F8A7777EB7B /* libPods-好用的首页Tests.a */ = {isa = PBXFileReference; explicitFileType = archive.ar; includeInIndex = 0; path = "libPods-好用的首页Tests.a"; sourceTree = BUILT_PRODUCTS_DIR; };
		85C63E63FA7407DE09BA1B4E /* Pods-好用的首页UITests.release.xcconfig */ = {isa = PBXFileReference; includeInIndex = 1; lastKnownFileType = text.xcconfig; name = "Pods-好用的首页UITests.release.xcconfig"; path = "Pods/Target Support Files/Pods-好用的首页UITests/Pods-好用的首页UITests.release.xcconfig"; sourceTree = "<group>"; };
		A2290F5FACD4F1958F2AC680 /* Pods-好用的首页Tests.release.xcconfig */ = {isa = PBXFileReference; includeInIndex = 1; lastKnownFileType = text.xcconfig; name = "Pods-好用的首页Tests.release.xcconfig"; path = "Pods/Target Support Files/Pods-好用的首页Tests/Pods-好用的首页Tests.release.xcconfig"; sourceTree = "<group>"; };
		D1D24E68531E1554FF881AE5 /* Pods-好用的首页Tests.debug.xcconfig */ = {isa = PBXFileReference; includeInIndex = 1; lastKnownFileType = text.xcconfig; name = "Pods-好用的首页Tests.debug.xcconfig"; path = "Pods/Target Support Files/Pods-好用的首页Tests/Pods-好用的首页Tests.debug.xcconfig"; sourceTree = "<group>"; };
		E53DADC0F0E1B8AF24378C10 /* Pods-好用的首页.debug.xcconfig */ = {isa = PBXFileReference; includeInIndex = 1; lastKnownFileType = text.xcconfig; name = "Pods-好用的首页.debug.xcconfig"; path = "Pods/Target Support Files/Pods-好用的首页/Pods-好用的首页.debug.xcconfig"; sourceTree = "<group>"; };
/* End PBXFileReference section */

/* Begin PBXFrameworksBuildPhase section */
		284E202B1D920F390028FABE /* Frameworks */ = {
			isa = PBXFrameworksBuildPhase;
			buildActionMask = 2147483647;
			files = (
				86C61937175AB2582CFEECD0 /* libPods-好用的首页.a in Frameworks */,
			);
			runOnlyForDeploymentPostprocessing = 0;
		};
		284E20441D920F390028FABE /* Frameworks */ = {
			isa = PBXFrameworksBuildPhase;
			buildActionMask = 2147483647;
			files = (
				F83949DC1BCCCD6FB2F02A1E /* libPods-好用的首页Tests.a in Frameworks */,
			);
			runOnlyForDeploymentPostprocessing = 0;
		};
		284E204F1D920F390028FABE /* Frameworks */ = {
			isa = PBXFrameworksBuildPhase;
			buildActionMask = 2147483647;
			files = (
				DE8AD6572ADD29A04671E05E /* libPods-好用的首页UITests.a in Frameworks */,
			);
			runOnlyForDeploymentPostprocessing = 0;
		};
/* End PBXFrameworksBuildPhase section */

/* Begin PBXGroup section */
		282622751D941F9A00A2E545 /* View */ = {
			isa = PBXGroup;
			children = (
				282622791D941FFF00A2E545 /* ZSTableViewCell.h */,
				2826227A1D941FFF00A2E545 /* ZSTableViewCell.m */,
				2826227B1D941FFF00A2E545 /* ZSTableViewCell.xib */,
			);
			name = View;
			sourceTree = "<group>";
		};
		282622761D941FA200A2E545 /* Model */ = {
			isa = PBXGroup;
			children = (
				2837440A1D93CAE900C2C343 /* ZSBanner.h */,
				2837440B1D93CAE900C2C343 /* ZSBanner.m */,
				2837440D1D93CD5000C2C343 /* ZSCategory.h */,
				2837440E1D93CD5000C2C343 /* ZSCategory.m */,
				283744101D93CDE200C2C343 /* ZSTopic.h */,
				283744111D93CDE200C2C343 /* ZSTopic.m */,
			);
			name = Model;
			sourceTree = "<group>";
		};
		282622771D941FA700A2E545 /* Controller */ = {
			isa = PBXGroup;
			children = (
				284E20371D920F390028FABE /* ViewController.h */,
				284E20381D920F390028FABE /* ViewController.m */,
				284E203A1D920F390028FABE /* Main.storyboard */,
				283725091D9271BF005AFA7B /* subViewController.h */,
				2837250A1D9271BF005AFA7B /* subViewController.m */,
				2837250B1D9271BF005AFA7B /* subViewController.xib */,
			);
			name = Controller;
			sourceTree = "<group>";
		};
		282622781D941FD200A2E545 /* Other */ = {
			isa = PBXGroup;
			children = (
				283744071D93C79200C2C343 /* Tool.h */,
				283744081D93C79200C2C343 /* Tool.m */,
			);
			name = Other;
			sourceTree = "<group>";
		};
		283744061D93C6B800C2C343 /* json */ = {
			isa = PBXGroup;
			children = (
				283743D81D93C6B500C2C343 /* 1872 */,
				283743D91D93C6B500C2C343 /* 1898 */,
				283743DA1D93C6B500C2C343 /* 底妆 */,
				283743DB1D93C6B500C2C343 /* 广场 */,
				283743DC1D93C6B500C2C343 /* 深夜图书馆 */,
				283743DD1D93C6B500C2C343 /* 搜索列表 */,
				283743DE1D93C6B500C2C343 /* 搜索清单 */,
				283743DF1D93C6B500C2C343 /* 用户推荐 */,
				283743E01D93C6B500C2C343 /* 种草小分队 */,
				283743E11D93C6B500C2C343 /* app_JSON */,
				283743E21D93C6B500C2C343 /* json_Art */,
				283743E31D93C6B500C2C343 /* json_Design */,
				283743E41D93C6B500C2C343 /* json_Dormitory */,
				283743E51D93C6B500C2C343 /* json_Eater */,
				283743E61D93C6B500C2C343 /* json_Gift */,
				283743E71D93C6B500C2C343 /* json_Guide */,
				283743E81D93C6B500C2C343 /* json_Holiday */,
				283743E91D93C6B500C2C343 /* json_Kitchen */,
				283743EA1D93C6B500C2C343 /* json_LoveBeauty */,
				283743EB1D93C6B500C2C343 /* json_Party */,
				283743EC1D93C6B500C2C343 /* json_Student */,
				283743ED1D93C6B500C2C343 /* json_WageEarners */,
				283743EE1D93C6B500C2C343 /* stylenand 打底霜 */,
			);
			name = json;
			sourceTree = "<group>";
		};
		284E20251D920F390028FABE = {
			isa = PBXGroup;
			children = (
				284E20301D920F390028FABE /* 好用的首页 */,
				284E204A1D920F390028FABE /* 好用的首页Tests */,
				284E20551D920F390028FABE /* 好用的首页UITests */,
				284E202F1D920F390028FABE /* Products */,
				C85FB75C86F0F8E62A429773 /* Pods */,
				69DA97E094F1AA7E2786DE49 /* Frameworks */,
			);
			sourceTree = "<group>";
		};
		284E202F1D920F390028FABE /* Products */ = {
			isa = PBXGroup;
			children = (
				284E202E1D920F390028FABE /* 好用的首页.app */,
				284E20471D920F390028FABE /* 好用的首页Tests.xctest */,
				284E20521D920F390028FABE /* 好用的首页UITests.xctest */,
			);
			name = Products;
			sourceTree = "<group>";
		};
		284E20301D920F390028FABE /* 好用的首页 */ = {
			isa = PBXGroup;
			children = (
				282622771D941FA700A2E545 /* Controller */,
				282622761D941FA200A2E545 /* Model */,
				282622751D941F9A00A2E545 /* View */,
				282622781D941FD200A2E545 /* Other */,
				284E20311D920F390028FABE /* Supporting Files */,
			);
			path = "好用的首页";
			sourceTree = "<group>";
		};
		284E20311D920F390028FABE /* Supporting Files */ = {
			isa = PBXGroup;
			children = (
				284E203F1D920F390028FABE /* LaunchScreen.storyboard */,
				282622731D941C8D00A2E545 /* Assets.xcassets */,
				284E20421D920F390028FABE /* Info.plist */,
				284E20341D920F390028FABE /* AppDelegate.h */,
				284E20351D920F390028FABE /* AppDelegate.m */,
				283744061D93C6B800C2C343 /* json */,
				284E20321D920F390028FABE /* main.m */,
				283725031D92139A005AFA7B /* PrefixHeader.pch */,
			);
			name = "Supporting Files";
			sourceTree = "<group>";
		};
		284E204A1D920F390028FABE /* 好用的首页Tests */ = {
			isa = PBXGroup;
			children = (
				284E204B1D920F390028FABE /* _____Tests.m */,
				284E204D1D920F390028FABE /* Info.plist */,
			);
			path = "好用的首页Tests";
			sourceTree = "<group>";
		};
		284E20551D920F390028FABE /* 好用的首页UITests */ = {
			isa = PBXGroup;
			children = (
				284E20561D920F390028FABE /* _____UITests.m */,
				284E20581D920F390028FABE /* Info.plist */,
			);
			path = "好用的首页UITests";
			sourceTree = "<group>";
		};
		69DA97E094F1AA7E2786DE49 /* Frameworks */ = {
			isa = PBXGroup;
			children = (
				2AE4F294EBD5761B3AC2D944 /* libPods-好用的首页.a */,
				7DF4254303AB5F8A7777EB7B /* libPods-好用的首页Tests.a */,
				505DE452F433912C4C6AD710 /* libPods-好用的首页UITests.a */,
			);
			name = Frameworks;
			sourceTree = "<group>";
		};
		C85FB75C86F0F8E62A429773 /* Pods */ = {
			isa = PBXGroup;
			children = (
				E53DADC0F0E1B8AF24378C10 /* Pods-好用的首页.debug.xcconfig */,
				5833F081DF9A89BE802131AB /* Pods-好用的首页.release.xcconfig */,
				D1D24E68531E1554FF881AE5 /* Pods-好用的首页Tests.debug.xcconfig */,
				A2290F5FACD4F1958F2AC680 /* Pods-好用的首页Tests.release.xcconfig */,
				0D68F5F8B6E243068782790D /* Pods-好用的首页UITests.debug.xcconfig */,
				85C63E63FA7407DE09BA1B4E /* Pods-好用的首页UITests.release.xcconfig */,
			);
			name = Pods;
			sourceTree = "<group>";
		};
/* End PBXGroup section */

/* Begin PBXNativeTarget section */
		284E202D1D920F390028FABE /* 好用的首页 */ = {
			isa = PBXNativeTarget;
			buildConfigurationList = 284E205B1D920F390028FABE /* Build configuration list for PBXNativeTarget "好用的首页" */;
			buildPhases = (
				CCF8EEAAD603AD85ABA8F6C4 /* [CP] Check Pods Manifest.lock */,
				284E202A1D920F390028FABE /* Sources */,
				284E202B1D920F390028FABE /* Frameworks */,
				284E202C1D920F390028FABE /* Resources */,
				F1700963906462A77A396B6C /* [CP] Embed Pods Frameworks */,
				387C08F636BF19BF7E8AC4C1 /* [CP] Copy Pods Resources */,
			);
			buildRules = (
			);
			dependencies = (
			);
			name = "好用的首页";
			productName = "好用的首页";
			productReference = 284E202E1D920F390028FABE /* 好用的首页.app */;
			productType = "com.apple.product-type.application";
		};
		284E20461D920F390028FABE /* 好用的首页Tests */ = {
			isa = PBXNativeTarget;
			buildConfigurationList = 284E205E1D920F390028FABE /* Build configuration list for PBXNativeTarget "好用的首页Tests" */;
			buildPhases = (
				1C13ACBD84CB139B37CF2B85 /* [CP] Check Pods Manifest.lock */,
				284E20431D920F390028FABE /* Sources */,
				284E20441D920F390028FABE /* Frameworks */,
				284E20451D920F390028FABE /* Resources */,
				D8BF8C4A1506ED182E9098DD /* [CP] Embed Pods Frameworks */,
				370CE85E78513520769336A8 /* [CP] Copy Pods Resources */,
			);
			buildRules = (
			);
			dependencies = (
				284E20491D920F390028FABE /* PBXTargetDependency */,
			);
			name = "好用的首页Tests";
			productName = "好用的首页Tests";
			productReference = 284E20471D920F390028FABE /* 好用的首页Tests.xctest */;
			productType = "com.apple.product-type.bundle.unit-test";
		};
		284E20511D920F390028FABE /* 好用的首页UITests */ = {
			isa = PBXNativeTarget;
			buildConfigurationList = 284E20611D920F390028FABE /* Build configuration list for PBXNativeTarget "好用的首页UITests" */;
			buildPhases = (
				0A97C26C6CBAB59758A4679B /* [CP] Check Pods Manifest.lock */,
				284E204E1D920F390028FABE /* Sources */,
				284E204F1D920F390028FABE /* Frameworks */,
				284E20501D920F390028FABE /* Resources */,
				1C3FFD7042459D4FA2DA219F /* [CP] Copy Pods Resources */,
			);
			buildRules = (
			);
			dependencies = (
				284E20541D920F390028FABE /* PBXTargetDependency */,
			);
			name = "好用的首页UITests";
			productName = "好用的首页UITests";
			productReference = 284E20521D920F390028FABE /* 好用的首页UITests.xctest */;
			productType = "com.apple.product-type.bundle.ui-testing";
		};
/* End PBXNativeTarget section */

/* Begin PBXProject section */
		284E20261D920F390028FABE /* Project object */ = {
			isa = PBXProject;
			attributes = {
				LastUpgradeCheck = 0730;
				ORGANIZATIONNAME = bjhj;
				TargetAttributes = {
					284E202D1D920F390028FABE = {
						CreatedOnToolsVersion = 7.3.1;
						DevelopmentTeam = 24Q99NCP27;
					};
					284E20461D920F390028FABE = {
						CreatedOnToolsVersion = 7.3.1;
						TestTargetID = 284E202D1D920F390028FABE;
					};
					284E20511D920F390028FABE = {
						CreatedOnToolsVersion = 7.3.1;
						TestTargetID = 284E202D1D920F390028FABE;
					};
				};
			};
			buildConfigurationList = 284E20291D920F390028FABE /* Build configuration list for PBXProject "好用的首页" */;
			compatibilityVersion = "Xcode 3.2";
			developmentRegion = English;
			hasScannedForEncodings = 0;
			knownRegions = (
				en,
				Base,
			);
			mainGroup = 284E20251D920F390028FABE;
			productRefGroup = 284E202F1D920F390028FABE /* Products */;
			projectDirPath = "";
			projectRoot = "";
			targets = (
				284E202D1D920F390028FABE /* 好用的首页 */,
				284E20461D920F390028FABE /* 好用的首页Tests */,
				284E20511D920F390028FABE /* 好用的首页UITests */,
			);
		};
/* End PBXProject section */

/* Begin PBXResourcesBuildPhase section */
		284E202C1D920F390028FABE /* Resources */ = {
			isa = PBXResourcesBuildPhase;
			buildActionMask = 2147483647;
			files = (
				283743F01D93C6B500C2C343 /* 1898 in Resources */,
				283743FB1D93C6B500C2C343 /* json_Dormitory in Resources */,
				284E20411D920F390028FABE /* LaunchScreen.storyboard in Resources */,
				283744051D93C6B500C2C343 /* stylenand 打底霜 in Resources */,
				2826227D1D941FFF00A2E545 /* ZSTableViewCell.xib in Resources */,
				283743F81D93C6B500C2C343 /* app_JSON in Resources */,
				283743F51D93C6B500C2C343 /* 搜索清单 in Resources */,
				283743F41D93C6B500C2C343 /* 搜索列表 in Resources */,
				283744011D93C6B500C2C343 /* json_LoveBeauty in Resources */,
				283743F31D93C6B500C2C343 /* 深夜图书馆 in Resources */,
				283744031D93C6B500C2C343 /* json_Student in Resources */,
				283743EF1D93C6B500C2C343 /* 1872 in Resources */,
				283743FF1D93C6B500C2C343 /* json_Holiday in Resources */,
				283743F61D93C6B500C2C343 /* 用户推荐 in Resources */,
				283743FD1D93C6B500C2C343 /* json_Gift in Resources */,
				2837250D1D9271C0005AFA7B /* subViewController.xib in Resources */,
				283744041D93C6B500C2C343 /* json_WageEarners in Resources */,
				283743F11D93C6B500C2C343 /* 底妆 in Resources */,
				283743F91D93C6B500C2C343 /* json_Art in Resources */,
				284E203C1D920F390028FABE /* Main.storyboard in Resources */,
				283743FC1D93C6B500C2C343 /* json_Eater in Resources */,
				283744001D93C6B500C2C343 /* json_Kitchen in Resources */,
				283744021D93C6B500C2C343 /* json_Party in Resources */,
				283743F21D93C6B500C2C343 /* 广场 in Resources */,
				283743FE1D93C6B500C2C343 /* json_Guide in Resources */,
				283743FA1D93C6B500C2C343 /* json_Design in Resources */,
				282622741D941C8D00A2E545 /* Assets.xcassets in Resources */,
				283743F71D93C6B500C2C343 /* 种草小分队 in Resources */,
			);
			runOnlyForDeploymentPostprocessing = 0;
		};
		284E20451D920F390028FABE /* Resources */ = {
			isa = PBXResourcesBuildPhase;
			buildActionMask = 2147483647;
			files = (
			);
			runOnlyForDeploymentPostprocessing = 0;
		};
		284E20501D920F390028FABE /* Resources */ = {
			isa = PBXResourcesBuildPhase;
			buildActionMask = 2147483647;
			files = (
			);
			runOnlyForDeploymentPostprocessing = 0;
		};
/* End PBXResourcesBuildPhase section */

/* Begin PBXShellScriptBuildPhase section */
		0A97C26C6CBAB59758A4679B /* [CP] Check Pods Manifest.lock */ = {
			isa = PBXShellScriptBuildPhase;
			buildActionMask = 2147483647;
			files = (
			);
			inputPaths = (
			);
			name = "[CP] Check Pods Manifest.lock";
			outputPaths = (
			);
			runOnlyForDeploymentPostprocessing = 0;
			shellPath = /bin/sh;
			shellScript = "diff \"${PODS_ROOT}/../Podfile.lock\" \"${PODS_ROOT}/Manifest.lock\" > /dev/null\nif [[ $? != 0 ]] ; then\n    cat << EOM\nerror: The sandbox is not in sync with the Podfile.lock. Run 'pod install' or update your CocoaPods installation.\nEOM\n    exit 1\nfi\n";
			showEnvVarsInLog = 0;
		};
		1C13ACBD84CB139B37CF2B85 /* [CP] Check Pods Manifest.lock */ = {
			isa = PBXShellScriptBuildPhase;
			buildActionMask = 2147483647;
			files = (
			);
			inputPaths = (
			);
			name = "[CP] Check Pods Manifest.lock";
			outputPaths = (
			);
			runOnlyForDeploymentPostprocessing = 0;
			shellPath = /bin/sh;
			shellScript = "diff \"${PODS_ROOT}/../Podfile.lock\" \"${PODS_ROOT}/Manifest.lock\" > /dev/null\nif [[ $? != 0 ]] ; then\n    cat << EOM\nerror: The sandbox is not in sync with the Podfile.lock. Run 'pod install' or update your CocoaPods installation.\nEOM\n    exit 1\nfi\n";
			showEnvVarsInLog = 0;
		};
		1C3FFD7042459D4FA2DA219F /* [CP] Copy Pods Resources */ = {
			isa = PBXShellScriptBuildPhase;
			buildActionMask = 2147483647;
			files = (
			);
			inputPaths = (
			);
			name = "[CP] Copy Pods Resources";
			outputPaths = (
			);
			runOnlyForDeploymentPostprocessing = 0;
			shellPath = /bin/sh;
			shellScript = "\"${SRCROOT}/Pods/Target Support Files/Pods-好用的首页UITests/Pods-好用的首页UITests-resources.sh\"\n";
			showEnvVarsInLog = 0;
		};
		370CE85E78513520769336A8 /* [CP] Copy Pods Resources */ = {
			isa = PBXShellScriptBuildPhase;
			buildActionMask = 2147483647;
			files = (
			);
			inputPaths = (
			);
			name = "[CP] Copy Pods Resources";
			outputPaths = (
			);
			runOnlyForDeploymentPostprocessing = 0;
			shellPath = /bin/sh;
			shellScript = "\"${SRCROOT}/Pods/Target Support Files/Pods-好用的首页Tests/Pods-好用的首页Tests-resources.sh\"\n";
			showEnvVarsInLog = 0;
		};
		387C08F636BF19BF7E8AC4C1 /* [CP] Copy Pods Resources */ = {
			isa = PBXShellScriptBuildPhase;
			buildActionMask = 2147483647;
			files = (
			);
			inputPaths = (
			);
			name = "[CP] Copy Pods Resources";
			outputPaths = (
			);
			runOnlyForDeploymentPostprocessing = 0;
			shellPath = /bin/sh;
			shellScript = "\"${SRCROOT}/Pods/Target Support Files/Pods-好用的首页/Pods-好用的首页-resources.sh\"\n";
			showEnvVarsInLog = 0;
		};
		CCF8EEAAD603AD85ABA8F6C4 /* [CP] Check Pods Manifest.lock */ = {
			isa = PBXShellScriptBuildPhase;
			buildActionMask = 2147483647;
			files = (
			);
			inputPaths = (
			);
			name = "[CP] Check Pods Manifest.lock";
			outputPaths = (
			);
			runOnlyForDeploymentPostprocessing = 0;
			shellPath = /bin/sh;
			shellScript = "diff \"${PODS_ROOT}/../Podfile.lock\" \"${PODS_ROOT}/Manifest.lock\" > /dev/null\nif [[ $? != 0 ]] ; then\n    cat << EOM\nerror: The sandbox is not in sync with the Podfile.lock. Run 'pod install' or update your CocoaPods installation.\nEOM\n    exit 1\nfi\n";
			showEnvVarsInLog = 0;
		};
		D8BF8C4A1506ED182E9098DD /* [CP] Embed Pods Frameworks */ = {
			isa = PBXShellScriptBuildPhase;
			buildActionMask = 2147483647;
			files = (
			);
			inputPaths = (
			);
			name = "[CP] Embed Pods Frameworks";
			outputPaths = (
			);
			runOnlyForDeploymentPostprocessing = 0;
			shellPath = /bin/sh;
			shellScript = "\"${SRCROOT}/Pods/Target Support Files/Pods-好用的首页Tests/Pods-好用的首页Tests-frameworks.sh\"\n";
			showEnvVarsInLog = 0;
		};
		F1700963906462A77A396B6C /* [CP] Embed Pods Frameworks */ = {
			isa = PBXShellScriptBuildPhase;
			buildActionMask = 2147483647;
			files = (
			);
			inputPaths = (
			);
			name = "[CP] Embed Pods Frameworks";
			outputPaths = (
			);
			runOnlyForDeploymentPostprocessing = 0;
			shellPath = /bin/sh;
			shellScript = "\"${SRCROOT}/Pods/Target Support Files/Pods-好用的首页/Pods-好用的首页-frameworks.sh\"\n";
			showEnvVarsInLog = 0;
		};
/* End PBXShellScriptBuildPhase section */

/* Begin PBXSourcesBuildPhase section */
		284E202A1D920F390028FABE /* Sources */ = {
			isa = PBXSourcesBuildPhase;
			buildActionMask = 2147483647;
			files = (
				283744121D93CDE200C2C343 /* ZSTopic.m in Sources */,
				2837440C1D93CAE900C2C343 /* ZSBanner.m in Sources */,
				283744091D93C79200C2C343 /* Tool.m in Sources */,
				2837250C1D9271C0005AFA7B /* subViewController.m in Sources */,
				2826227C1D941FFF00A2E545 /* ZSTableViewCell.m in Sources */,
				284E20391D920F390028FABE /* ViewController.m in Sources */,
				284E20361D920F390028FABE /* AppDelegate.m in Sources */,
				284E20331D920F390028FABE /* main.m in Sources */,
				2837440F1D93CD5000C2C343 /* ZSCategory.m in Sources */,
			);
			runOnlyForDeploymentPostprocessing = 0;
		};
		284E20431D920F390028FABE /* Sources */ = {
			isa = PBXSourcesBuildPhase;
			buildActionMask = 2147483647;
			files = (
				284E204C1D920F390028FABE /* _____Tests.m in Sources */,
			);
			runOnlyForDeploymentPostprocessing = 0;
		};
		284E204E1D920F390028FABE /* Sources */ = {
			isa = PBXSourcesBuildPhase;
			buildActionMask = 2147483647;
			files = (
				284E20571D920F390028FABE /* _____UITests.m in Sources */,
			);
			runOnlyForDeploymentPostprocessing = 0;
		};
/* End PBXSourcesBuildPhase section */

/* Begin PBXTargetDependency section */
		284E20491D920F390028FABE /* PBXTargetDependency */ = {
			isa = PBXTargetDependency;
			target = 284E202D1D920F390028FABE /* 好用的首页 */;
			targetProxy = 284E20481D920F390028FABE /* PBXContainerItemProxy */;
		};
		284E20541D920F390028FABE /* PBXTargetDependency */ = {
			isa = PBXTargetDependency;
			target = 284E202D1D920F390028FABE /* 好用的首页 */;
			targetProxy = 284E20531D920F390028FABE /* PBXContainerItemProxy */;
		};
/* End PBXTargetDependency section */

/* Begin PBXVariantGroup section */
		284E203A1D920F390028FABE /* Main.storyboard */ = {
			isa = PBXVariantGroup;
			children = (
				284E203B1D920F390028FABE /* Base */,
			);
			name = Main.storyboard;
			sourceTree = "<group>";
		};
		284E203F1D920F390028FABE /* LaunchScreen.storyboard */ = {
			isa = PBXVariantGroup;
			children = (
				284E20401D920F390028FABE /* Base */,
			);
			name = LaunchScreen.storyboard;
			sourceTree = "<group>";
		};
/* End PBXVariantGroup section */

/* Begin XCBuildConfiguration section */
		284E20591D920F390028FABE /* Debug */ = {
			isa = XCBuildConfiguration;
			buildSettings = {
				ALWAYS_SEARCH_USER_PATHS = NO;
				CLANG_ANALYZER_NONNULL = YES;
				CLANG_CXX_LANGUAGE_STANDARD = "gnu++0x";
				CLANG_CXX_LIBRARY = "libc++";
				CLANG_ENABLE_MODULES = YES;
				CLANG_ENABLE_OBJC_ARC = YES;
				CLANG_WARN_BOOL_CONVERSION = YES;
				CLANG_WARN_CONSTANT_CONVERSION = YES;
				CLANG_WARN_DIRECT_OBJC_ISA_USAGE = YES_ERROR;
				CLANG_WARN_EMPTY_BODY = YES;
				CLANG_WARN_ENUM_CONVERSION = YES;
				CLANG_WARN_INT_CONVERSION = YES;
				CLANG_WARN_OBJC_ROOT_CLASS = YES_ERROR;
				CLANG_WARN_UNREACHABLE_CODE = YES;
				CLANG_WARN__DUPLICATE_METHOD_MATCH = YES;
				"CODE_SIGN_IDENTITY[sdk=iphoneos*]" = "iPhone Developer";
				COPY_PHASE_STRIP = NO;
				DEBUG_INFORMATION_FORMAT = dwarf;
				ENABLE_STRICT_OBJC_MSGSEND = YES;
				ENABLE_TESTABILITY = YES;
				GCC_C_LANGUAGE_STANDARD = gnu99;
				GCC_DYNAMIC_NO_PIC = NO;
				GCC_NO_COMMON_BLOCKS = YES;
				GCC_OPTIMIZATION_LEVEL = 0;
				GCC_PREPROCESSOR_DEFINITIONS = (
					"DEBUG=1",
					"$(inherited)",
				);
				GCC_WARN_64_TO_32_BIT_CONVERSION = YES;
				GCC_WARN_ABOUT_RETURN_TYPE = YES_ERROR;
				GCC_WARN_UNDECLARED_SELECTOR = YES;
				GCC_WARN_UNINITIALIZED_AUTOS = YES_AGGRESSIVE;
				GCC_WARN_UNUSED_FUNCTION = YES;
				GCC_WARN_UNUSED_VARIABLE = YES;
				IPHONEOS_DEPLOYMENT_TARGET = 9.3;
				MTL_ENABLE_DEBUG_INFO = YES;
				ONLY_ACTIVE_ARCH = YES;
				SDKROOT = iphoneos;
				TARGETED_DEVICE_FAMILY = "1,2";
			};
			name = Debug;
		};
		284E205A1D920F390028FABE /* Release */ = {
			isa = XCBuildConfiguration;
			buildSettings = {
				ALWAYS_SEARCH_USER_PATHS = NO;
				CLANG_ANALYZER_NONNULL = YES;
				CLANG_CXX_LANGUAGE_STANDARD = "gnu++0x";
				CLANG_CXX_LIBRARY = "libc++";
				CLANG_ENABLE_MODULES = YES;
				CLANG_ENABLE_OBJC_ARC = YES;
				CLANG_WARN_BOOL_CONVERSION = YES;
				CLANG_WARN_CONSTANT_CONVERSION = YES;
				CLANG_WARN_DIRECT_OBJC_ISA_USAGE = YES_ERROR;
				CLANG_WARN_EMPTY_BODY = YES;
				CLANG_WARN_ENUM_CONVERSION = YES;
				CLANG_WARN_INT_CONVERSION = YES;
				CLANG_WARN_OBJC_ROOT_CLASS = YES_ERROR;
				CLANG_WARN_UNREACHABLE_CODE = YES;
				CLANG_WARN__DUPLICATE_METHOD_MATCH = YES;
				"CODE_SIGN_IDENTITY[sdk=iphoneos*]" = "iPhone Developer";
				COPY_PHASE_STRIP = NO;
				DEBUG_INFORMATION_FORMAT = "dwarf-with-dsym";
				ENABLE_NS_ASSERTIONS = NO;
				ENABLE_STRICT_OBJC_MSGSEND = YES;
				GCC_C_LANGUAGE_STANDARD = gnu99;
				GCC_NO_COMMON_BLOCKS = YES;
				GCC_WARN_64_TO_32_BIT_CONVERSION = YES;
				GCC_WARN_ABOUT_RETURN_TYPE = YES_ERROR;
				GCC_WARN_UNDECLARED_SELECTOR = YES;
				GCC_WARN_UNINITIALIZED_AUTOS = YES_AGGRESSIVE;
				GCC_WARN_UNUSED_FUNCTION = YES;
				GCC_WARN_UNUSED_VARIABLE = YES;
				IPHONEOS_DEPLOYMENT_TARGET = 9.3;
				MTL_ENABLE_DEBUG_INFO = NO;
				SDKROOT = iphoneos;
				TARGETED_DEVICE_FAMILY = "1,2";
				VALIDATE_PRODUCT = YES;
			};
			name = Release;
		};
		284E205C1D920F390028FABE /* Debug */ = {
			isa = XCBuildConfiguration;
			baseConfigurationReference = E53DADC0F0E1B8AF24378C10 /* Pods-好用的首页.debug.xcconfig */;
			buildSettings = {
				ASSETCATALOG_COMPILER_APPICON_NAME = AppIcon;
				CODE_SIGN_IDENTITY = "iPhone Developer";
				"CODE_SIGN_IDENTITY[sdk=iphoneos*]" = "iPhone Developer";
				GCC_PREFIX_HEADER = "/Users/zsj1992/suspendHome/好用的首页ScrollView/好用的首页/PrefixHeader.pch";
				INFOPLIST_FILE = "好用的首页/Info.plist";
				IPHONEOS_DEPLOYMENT_TARGET = 8.0;
				LD_RUNPATH_SEARCH_PATHS = "$(inherited) @executable_path/Frameworks";
				PRODUCT_BUNDLE_IDENTIFIER = "com.bjhj.-----";
				PRODUCT_NAME = "$(TARGET_NAME)";
				PROVISIONING_PROFILE = "";
			};
			name = Debug;
		};
		284E205D1D920F390028FABE /* Release */ = {
			isa = XCBuildConfiguration;
			baseConfigurationReference = 5833F081DF9A89BE802131AB /* Pods-好用的首页.release.xcconfig */;
			buildSettings = {
				ASSETCATALOG_COMPILER_APPICON_NAME = AppIcon;
				CODE_SIGN_IDENTITY = "iPhone Developer";
				"CODE_SIGN_IDENTITY[sdk=iphoneos*]" = "iPhone Developer";
				GCC_PREFIX_HEADER = "/Users/zsj1992/suspendHome/好用的首页ScrollView/好用的首页/PrefixHeader.pch";
				INFOPLIST_FILE = "好用的首页/Info.plist";
				IPHONEOS_DEPLOYMENT_TARGET = 8.0;
				LD_RUNPATH_SEARCH_PATHS = "$(inherited) @executable_path/Frameworks";
				PRODUCT_BUNDLE_IDENTIFIER = "com.bjhj.-----";
				PRODUCT_NAME = "$(TARGET_NAME)";
				PROVISIONING_PROFILE = "";
			};
			name = Release;
		};
		284E205F1D920F390028FABE /* Debug */ = {
			isa = XCBuildConfiguration;
			baseConfigurationReference = D1D24E68531E1554FF881AE5 /* Pods-好用的首页Tests.debug.xcconfig */;
			buildSettings = {
				BUNDLE_LOADER = "$(TEST_HOST)";
				INFOPLIST_FILE = "好用的首页Tests/Info.plist";
				LD_RUNPATH_SEARCH_PATHS = "$(inherited) @executable_path/Frameworks @loader_path/Frameworks";
				PRODUCT_BUNDLE_IDENTIFIER = "com.bjhj.-----Tests";
				PRODUCT_NAME = "$(TARGET_NAME)";
				TEST_HOST = "$(BUILT_PRODUCTS_DIR)/好用的首页.app/好用的首页";
			};
			name = Debug;
		};
		284E20601D920F390028FABE /* Release */ = {
			isa = XCBuildConfiguration;
			baseConfigurationReference = A2290F5FACD4F1958F2AC680 /* Pods-好用的首页Tests.release.xcconfig */;
			buildSettings = {
				BUNDLE_LOADER = "$(TEST_HOST)";
				INFOPLIST_FILE = "好用的首页Tests/Info.plist";
				LD_RUNPATH_SEARCH_PATHS = "$(inherited) @executable_path/Frameworks @loader_path/Frameworks";
				PRODUCT_BUNDLE_IDENTIFIER = "com.bjhj.-----Tests";
				PRODUCT_NAME = "$(TARGET_NAME)";
				TEST_HOST = "$(BUILT_PRODUCTS_DIR)/好用的首页.app/好用的首页";
			};
			name = Release;
		};
		284E20621D920F390028FABE /* Debug */ = {
			isa = XCBuildConfiguration;
			baseConfigurationReference = 0D68F5F8B6E243068782790D /* Pods-好用的首页UITests.debug.xcconfig */;
			buildSettings = {
				INFOPLIST_FILE = "好用的首页UITests/Info.plist";
				LD_RUNPATH_SEARCH_PATHS = "$(inherited) @executable_path/Frameworks @loader_path/Frameworks";
				PRODUCT_BUNDLE_IDENTIFIER = "com.bjhj.-----UITests";
				PRODUCT_NAME = "$(TARGET_NAME)";
				TEST_TARGET_NAME = "好用的首页";
			};
			name = Debug;
		};
		284E20631D920F390028FABE /* Release */ = {
			isa = XCBuildConfiguration;
			baseConfigurationReference = 85C63E63FA7407DE09BA1B4E /* Pods-好用的首页UITests.release.xcconfig */;
			buildSettings = {
				INFOPLIST_FILE = "好用的首页UITests/Info.plist";
				LD_RUNPATH_SEARCH_PATHS = "$(inherited) @executable_path/Frameworks @loader_path/Frameworks";
				PRODUCT_BUNDLE_IDENTIFIER = "com.bjhj.-----UITests";
				PRODUCT_NAME = "$(TARGET_NAME)";
				TEST_TARGET_NAME = "好用的首页";
			};
			name = Release;
		};
/* End XCBuildConfiguration section */

/* Begin XCConfigurationList section */
		284E20291D920F390028FABE /* Build configuration list for PBXProject "好用的首页" */ = {
			isa = XCConfigurationList;
			buildConfigurations = (
				284E20591D920F390028FABE /* Debug */,
				284E205A1D920F390028FABE /* Release */,
			);
			defaultConfigurationIsVisible = 0;
			defaultConfigurationName = Release;
		};
		284E205B1D920F390028FABE /* Build configuration list for PBXNativeTarget "好用的首页" */ = {
			isa = XCConfigurationList;
			buildConfigurations = (
				284E205C1D920F390028FABE /* Debug */,
				284E205D1D920F390028FABE /* Release */,
			);
			defaultConfigurationIsVisible = 0;
			defaultConfigurationName = Release;
		};
		284E205E1D920F390028FABE /* Build configuration list for PBXNativeTarget "好用的首页Tests" */ = {
			isa = XCConfigurationList;
			buildConfigurations = (
				284E205F1D920F390028FABE /* Debug */,
				284E20601D920F390028FABE /* Release */,
			);
			defaultConfigurationIsVisible = 0;
			defaultConfigurationName = Release;
		};
		284E20611D920F390028FABE /* Build configuration list for PBXNativeTarget "好用的首页UITests" */ = {
			isa = XCConfigurationList;
			buildConfigurations = (
				284E20621D920F390028FABE /* Debug */,
				284E20631D920F390028FABE /* Release */,
			);
			defaultConfigurationIsVisible = 0;
			defaultConfigurationName = Release;
		};
/* End XCConfigurationList section */
	};
	rootObject = 284E20261D920F390028FABE /* Project object */;
}
